<?xml version="1.0" encoding="utf-8"?>
<Project ToolsVersion="4.0" xmlns:atg="http://atg.xbox.com" xmlns="http://schemas.microsoft.com/developer/msbuild/2003">
  <ItemGroup>
    <Filter Include="Resource Files">
      <UniqueIdentifier>{8e114980-c1a3-4ada-ad7c-83caadf5daeb}</UniqueIdentifier>
      <Extensions>rc;ico;cur;bmp;dlg;rc2;rct;bin;rgs;gif;jpg;jpeg;jpe</Extensions>
    </Filter>
    <Filter Include="DXUT">
      <UniqueIdentifier>{a43c5c25-0e86-4a20-b64a-883785ff74fd}</UniqueIdentifier>
    </Filter>
    <Filter Include="Shaders">
      <UniqueIdentifier>{2c3d4c8c-5d1a-459a-a05a-a4e4b608a44e}</UniqueIdentifier>
      <Extensions>fx;fxh;hlsl</Extensions>
    </Filter>
    <Filter Include="DevInfo">
      <UniqueIdentifier>{a56ea951-1fbc-4eb0-8a0d-e4e4dbbf7f53}</UniqueIdentifier>
    </Filter>
    <Filter Include="Extensions">
      <UniqueIdentifier>{18bff66d-a85c-4ce4-b155-e9fe850c7619}</UniqueIdentifier>
    </Filter>
    <Filter Include="ECS_examples">
      <UniqueIdentifier>{6b0931b4-9b8c-4bb4-ab48-196292bd7130}</UniqueIdentifier>
    </Filter>
  </ItemGroup>
  <ItemGroup>
    <ClInclude Include="ShapeObject.h" />
    <ClInclude Include="arr_expend.h" />
    <ClInclude Include="Utill_FreeMemory.h" />
    <ClInclude Include="Utill_SpaceMath.h" />
    <ClInclude Include="ttfParser.h" />
    <ClInclude Include="DX11_UI.h" />
    <ClInclude Include="Sprite.h" />
    <ClInclude Include="dbg.h" />
    <ClInclude Include="Animation.h" />
    <ClInclude Include="hancom.h" />
    <ClInclude Include="time_rdtsc.h" />
    <ClInclude Include="ICB_Extension.h" />
    <ClInclude Include="InsideCodeBake.h" />
    <ClInclude Include="multifor.h" />
    <ClInclude Include="sen_tr.h" />
    <ClInclude Include="Extensions\exGeometry.h">
      <Filter>Extensions</Filter>
    </ClInclude>
    <ClInclude Include="Extensions\exGraphics.h">
      <Filter>Extensions</Filter>
    </ClInclude>
    <ClInclude Include="Extensions\exTool.h">
      <Filter>Extensions</Filter>
    </ClInclude>
  </ItemGroup>
  <ItemGroup>
    <ClCompile Include="Source.cpp" />
  </ItemGroup>
  <ItemGroup>
    <None Include="SpriteEditor_DirectX.fx">
      <Filter>Shaders</Filter>
    </None>
  </ItemGroup>
  <ItemGroup>
    <CLInclude Include="resource.h">
      <Filter>Resource Files</Filter>
    </CLInclude>
  </ItemGroup>
  <ItemGroup>
    <Text Include="dbg.txt" />
    <Text Include="icb_dbg.txt" />
    <Text Include="DevInfo\Layer.txt">
      <Filter>DevInfo</Filter>
    </Text>
    <Text Include="DevInfo\memo.txt">
      <Filter>DevInfo</Filter>
    </Text>
    <Text Include="ECS_examples\tool_Compas.txt">
      <Filter>ECS_examples</Filter>
    </Text>
    <Text Include="ECS_examples\ecs_face.txt">
      <Filter>ECS_examples</Filter>
    </Text>
    <Text Include="ECS_examples\ecs0.txt">
      <Filter>ECS_examples</Filter>
    </Text>
    <Text Include="ECS_examples\face_writeup.txt">
      <Filter>ECS_examples</Filter>
    </Text>
    <Text Include="exGraphics_Info.txt">
      <Filter>DevInfo</Filter>
    </Text>
    <Text Include="ECS_examples\ecs_sample0.txt">
      <Filter>ECS_examples</Filter>
    </Text>
    <Text Include="instruction_table.txt" />
    <Text Include="Extensions\exGeometry.txt">
      <Filter>Extensions</Filter>
    </Text>
    <Text Include="Extensions\exGraphics.txt">
      <Filter>Extensions</Filter>
    </Text>
    <Text Include="Extensions\exTool.txt">
      <Filter>Extensions</Filter>
    </Text>
    <Text Include="exTool_Compas_info.txt" />
  </ItemGroup>
  <ItemGroup>
    <ResourceCompile Include="SpriteEditor_DirectX.rc">
      <Filter>Resource Files</Filter>
    </ResourceCompile>
  </ItemGroup>
  <ItemGroup>
    <Image Include="SpriteEditorLogo.ico">
      <Filter>Resource Files</Filter>
    </Image>
    <Image Include="directx.ico">
      <Filter>Resource Files</Filter>
    </Image>
    <Image Include="alfrq-8mw46-001.ico">
      <Filter>Resource Files</Filter>
    </Image>
  </ItemGroup>
</Project>